
Microsoft Visual Studio Solution File, Format Version 12.00
# Visual Studio Version 17
VisualStudioVersion = 17.9.34902.65
MinimumVisualStudioVersion = 10.0.40219.1
Project("{FAE04EC0-301F-11D3-BF4B-00C04F79EFBC}") = "SPCManagementSystemAPI", "SPCManagementSystemAPI.csproj", "{CDB7DB14-7C73-41DB-98F2-18D01FD118C9}"
EndProject
Global
	GlobalSection(SolutionConfigurationPlatforms) = preSolution
		Debug|Any CPU = Debug|Any CPU
		Release|Any CPU = Release|Any CPU
	EndGlobalSection
	GlobalSection(ProjectConfigurationPlatforms) = postSolution
		{CDB7DB14-7C73-41DB-98F2-18D01FD118C9}.Debug|Any CPU.ActiveCfg = Debug|Any CPU
		{CDB7DB14-7C73-41DB-98F2-18D01FD118C9}.Debug|Any CPU.Build.0 = Debug|Any CPU
		{CDB7DB14-7C73-41DB-98F2-18D01FD118C9}.Release|Any CPU.ActiveCfg = Release|Any CPU
		{CDB7DB14-7C73-41DB-98F2-18D01FD118C9}.Release|Any CPU.Build.0 = Release|Any CPU
	EndGlobalSection
	GlobalSection(SolutionProperties) = preSolution
		HideSolutionNode = FALSE
	EndGlobalSection
	GlobalSection(ExtensibilityGlobals) = postSolution
		SolutionGuid = {A92EFAC0-0BB6-4F55-8954-70C84173BDFB}
	EndGlobalSection
EndGlobal
